
Microsoft Visual Studio Solution File, Format Version 12.00
# Visual Studio 15
VisualStudioVersion = 15.0.28010.2016
MinimumVisualStudioVersion = 10.0.40219.1
Project("{8BC9CEB8-8B4A-11D0-8D11-00A0C91BC942}") = "MyGameEngine", "MyGameEngine\MyGameEngine.vcxproj", "{319D92D9-944C-4793-8BB9-D41497B03345}"
EndProject
Project("{8BC9CEB8-8B4A-11D0-8D11-00A0C91BC942}") = "MonsterChase", "MonsterChase\MonsterChase.vcxproj", "{C4BDEE8F-C890-4EA7-A822-A7011A29A6FB}"
	ProjectSection(ProjectDependencies) = postProject
		{319D92D9-944C-4793-8BB9-D41497B03345} = {319D92D9-944C-4793-8BB9-D41497B03345}
	EndProjectSection
EndProject
Global
	GlobalSection(SolutionConfigurationPlatforms) = preSolution
		Debug|x64 = Debug|x64
		Debug|x86 = Debug|x86
		Release|x64 = Release|x64
		Release|x86 = Release|x86
	EndGlobalSection
	GlobalSection(ProjectConfigurationPlatforms) = postSolution
		{319D92D9-944C-4793-8BB9-D41497B03345}.Debug|x64.ActiveCfg = Debug|x64
		{319D92D9-944C-4793-8BB9-D41497B03345}.Debug|x64.Build.0 = Debug|x64
		{319D92D9-944C-4793-8BB9-D41497B03345}.Debug|x86.ActiveCfg = Debug|Win32
		{319D92D9-944C-4793-8BB9-D41497B03345}.Debug|x86.Build.0 = Debug|Win32
		{319D92D9-944C-4793-8BB9-D41497B03345}.Release|x64.ActiveCfg = Debug|x64
		{319D92D9-944C-4793-8BB9-D41497B03345}.Release|x64.Build.0 = Debug|x64
		{319D92D9-944C-4793-8BB9-D41497B03345}.Release|x86.ActiveCfg = Release|Win32
		{319D92D9-944C-4793-8BB9-D41497B03345}.Release|x86.Build.0 = Release|Win32
		{C4BDEE8F-C890-4EA7-A822-A7011A29A6FB}.Debug|x64.ActiveCfg = Debug|x64
		{C4BDEE8F-C890-4EA7-A822-A7011A29A6FB}.Debug|x64.Build.0 = Debug|x64
		{C4BDEE8F-C890-4EA7-A822-A7011A29A6FB}.Debug|x86.ActiveCfg = Debug|Win32
		{C4BDEE8F-C890-4EA7-A822-A7011A29A6FB}.Debug|x86.Build.0 = Debug|Win32
		{C4BDEE8F-C890-4EA7-A822-A7011A29A6FB}.Release|x64.ActiveCfg = Debug|x64
		{C4BDEE8F-C890-4EA7-A822-A7011A29A6FB}.Release|x64.Build.0 = Debug|x64
		{C4BDEE8F-C890-4EA7-A822-A7011A29A6FB}.Release|x86.ActiveCfg = Release|Win32
		{C4BDEE8F-C890-4EA7-A822-A7011A29A6FB}.Release|x86.Build.0 = Release|Win32
	EndGlobalSection
	GlobalSection(SolutionProperties) = preSolution
		HideSolutionNode = FALSE
	EndGlobalSection
	GlobalSection(ExtensibilityGlobals) = postSolution
		SolutionGuid = {1B7CED8D-4054-4DBF-B591-A795C68F161F}
	EndGlobalSection
EndGlobal
