
Microsoft Visual Studio Solution File, Format Version 12.00
# Visual Studio Version 16
VisualStudioVersion = 16.0.29418.71
MinimumVisualStudioVersion = 10.0.40219.1
Project("{8BC9CEB8-8B4A-11D0-8D11-00A0C91BC942}") = "MyGameEngine", "MyGameEngine\MyGameEngine.vcxproj", "{319D92D9-944C-4793-8BB9-D41497B03345}"
	ProjectSection(ProjectDependencies) = postProject
		{BDF98E69-FC1B-4010-B9D7-8DB75E26A245} = {BDF98E69-FC1B-4010-B9D7-8DB75E26A245}
		{C8572E70-1B3F-469B-BB92-96DD46C72504} = {C8572E70-1B3F-469B-BB92-96DD46C72504}
	EndProjectSection
EndProject
Project("{8BC9CEB8-8B4A-11D0-8D11-00A0C91BC942}") = "MonsterChase", "MonsterChase\MonsterChase.vcxproj", "{C4BDEE8F-C890-4EA7-A822-A7011A29A6FB}"
	ProjectSection(ProjectDependencies) = postProject
		{319D92D9-944C-4793-8BB9-D41497B03345} = {319D92D9-944C-4793-8BB9-D41497B03345}
	EndProjectSection
EndProject
Project("{8BC9CEB8-8B4A-11D0-8D11-00A0C91BC942}") = "Lua-WinLibs", "Lua\Lua-WinLibs.vcxproj", "{BDF98E69-FC1B-4010-B9D7-8DB75E26A245}"
EndProject
Project("{8BC9CEB8-8B4A-11D0-8D11-00A0C91BC942}") = "Math", "Core\Math\Math.vcxproj", "{C8572E70-1B3F-469B-BB92-96DD46C72504}"
EndProject
Project("{8BC9CEB8-8B4A-11D0-8D11-00A0C91BC942}") = "Math_UnitTest", "UnitTests\Math_UnitTest\Math_UnitTest.vcxproj", "{A4D0791D-FE3A-42ED-8093-0B6773D24303}"
EndProject
Project("{8BC9CEB8-8B4A-11D0-8D11-00A0C91BC942}") = "CustomeGame", "CustomGame\CustomeGame\CustomeGame.vcxproj", "{55D3B31D-D3E3-47EB-9761-F7E828A67680}"
EndProject
Project("{8BC9CEB8-8B4A-11D0-8D11-00A0C91BC942}") = "Thread", "Core\Thread\Thread.vcxproj", "{561854BE-4E26-474C-8F7A-879B19A4CF59}"
EndProject
Project("{8BC9CEB8-8B4A-11D0-8D11-00A0C91BC942}") = "Time", "Core\Time\Time.vcxproj", "{E613EBE4-86FB-4CB5-8E04-E4558231D013}"
EndProject
Project("{8BC9CEB8-8B4A-11D0-8D11-00A0C91BC942}") = "Configuration", "Configuration\Configuration.vcxproj", "{5A56DD68-B309-44CA-82EB-13614BAEDA69}"
EndProject
Project("{8BC9CEB8-8B4A-11D0-8D11-00A0C91BC942}") = "Input", "Core\Input\Input.vcxproj", "{725CCCC9-D908-4257-B0E5-54BEBF75B3EF}"
EndProject
Project("{8BC9CEB8-8B4A-11D0-8D11-00A0C91BC942}") = "Parts", "Core\Parts\Parts.vcxproj", "{F0DCB746-4531-4351-9A6E-140C336A3C35}"
EndProject
Project("{8BC9CEB8-8B4A-11D0-8D11-00A0C91BC942}") = "Graphics", "Graphics\Graphics.vcxproj", "{6809AC33-2D2C-4A2F-9A7F-C187A9307703}"
EndProject
Project("{8BC9CEB8-8B4A-11D0-8D11-00A0C91BC942}") = "MemoryManagement", "Core\MemoryManagement\MemoryManagement.vcxproj", "{4DE6446C-E0A9-4B48-9D06-821A246EF395}"
EndProject
Project("{8BC9CEB8-8B4A-11D0-8D11-00A0C91BC942}") = "EntitySystem", "Core\EntitySystem\EntitySystem.vcxproj", "{8D7D6EB2-5151-4527-934B-D775D58F0994}"
EndProject
Project("{2150E333-8FDC-42A3-9474-1A3956D46DE8}") = "Engine", "Engine", "{7F897E50-4B61-4E37-B6BC-B6BE2EBE3F77}"
EndProject
Project("{2150E333-8FDC-42A3-9474-1A3956D46DE8}") = "Game", "Game", "{D59A1962-9677-4428-B2AD-562B9E1839E9}"
EndProject
Project("{2150E333-8FDC-42A3-9474-1A3956D46DE8}") = "NotUsingNow", "NotUsingNow", "{E811CB7A-FB4B-4D00-B9F5-131B93CE2482}"
EndProject
Project("{2150E333-8FDC-42A3-9474-1A3956D46DE8}") = "Tests", "Tests", "{CE2AE061-D19B-455F-8642-6DF02FA6C8AD}"
EndProject
Project("{8BC9CEB8-8B4A-11D0-8D11-00A0C91BC942}") = "PremadeParts", "PremadeParts\PremadeParts.vcxproj", "{EAD6194A-8725-4DD7-B303-C09C40905CC9}"
EndProject
Project("{2150E333-8FDC-42A3-9474-1A3956D46DE8}") = "EnginePlus", "EnginePlus", "{A1F29BB5-DD4D-496E-B6BA-08A8239FABB5}"
EndProject
Project("{8BC9CEB8-8B4A-11D0-8D11-00A0C91BC942}") = "Application", "Application\Application.vcxproj", "{A4A992B0-4300-4D9F-BD91-9BA6AFE44D21}"
EndProject
Project("{8BC9CEB8-8B4A-11D0-8D11-00A0C91BC942}") = "PhysicsEngine", "PhysicsEngine\PhysicsEngine.vcxproj", "{D3F10834-FF05-41CA-9A66-B526609C8B51}"
EndProject
Project("{8BC9CEB8-8B4A-11D0-8D11-00A0C91BC942}") = "Logging", "Core\Logging\Logging.vcxproj", "{A9B67582-B453-4236-BDAB-B2D210E321E5}"
EndProject
Project("{8BC9CEB8-8B4A-11D0-8D11-00A0C91BC942}") = "Debug", "Core\Debug\Debug.vcxproj", "{26BEE3B0-BB11-4FE0-8C7F-B655AA37EBAF}"
EndProject
Project("{8BC9CEB8-8B4A-11D0-8D11-00A0C91BC942}") = "UserInterface", "UserInterface\UserInterface.vcxproj", "{2CA513AF-6A8A-47EA-8153-9944FFDB83AA}"
EndProject
Project("{8BC9CEB8-8B4A-11D0-8D11-00A0C91BC942}") = "Animation", "Animation\Animation.vcxproj", "{CC303B10-D7FA-4ACD-B85D-44B6B282193B}"
EndProject
Project("{8BC9CEB8-8B4A-11D0-8D11-00A0C91BC942}") = "Messaging", "Core\Messaging\Messaging.vcxproj", "{F7CF2FCB-B6C1-42E3-824F-B2559A8E8D13}"
EndProject
Global
	GlobalSection(SolutionConfigurationPlatforms) = preSolution
		Debug|x64 = Debug|x64
		Debug|x86 = Debug|x86
		Release|x64 = Release|x64
		Release|x86 = Release|x86
	EndGlobalSection
	GlobalSection(ProjectConfigurationPlatforms) = postSolution
		{319D92D9-944C-4793-8BB9-D41497B03345}.Debug|x64.ActiveCfg = Debug|x64
		{319D92D9-944C-4793-8BB9-D41497B03345}.Debug|x64.Build.0 = Debug|x64
		{319D92D9-944C-4793-8BB9-D41497B03345}.Debug|x86.ActiveCfg = Debug|x64
		{319D92D9-944C-4793-8BB9-D41497B03345}.Release|x64.ActiveCfg = Release|x64
		{319D92D9-944C-4793-8BB9-D41497B03345}.Release|x64.Build.0 = Release|x64
		{319D92D9-944C-4793-8BB9-D41497B03345}.Release|x86.ActiveCfg = Release|x64
		{C4BDEE8F-C890-4EA7-A822-A7011A29A6FB}.Debug|x64.ActiveCfg = Debug|x64
		{C4BDEE8F-C890-4EA7-A822-A7011A29A6FB}.Debug|x64.Build.0 = Debug|x64
		{C4BDEE8F-C890-4EA7-A822-A7011A29A6FB}.Debug|x86.ActiveCfg = Debug|x64
		{C4BDEE8F-C890-4EA7-A822-A7011A29A6FB}.Release|x64.ActiveCfg = Release|x64
		{C4BDEE8F-C890-4EA7-A822-A7011A29A6FB}.Release|x64.Build.0 = Release|x64
		{C4BDEE8F-C890-4EA7-A822-A7011A29A6FB}.Release|x86.ActiveCfg = Release|x64
		{BDF98E69-FC1B-4010-B9D7-8DB75E26A245}.Debug|x64.ActiveCfg = Debug|x64
		{BDF98E69-FC1B-4010-B9D7-8DB75E26A245}.Debug|x64.Build.0 = Debug|x64
		{BDF98E69-FC1B-4010-B9D7-8DB75E26A245}.Debug|x86.ActiveCfg = Debug|x64
		{BDF98E69-FC1B-4010-B9D7-8DB75E26A245}.Release|x64.ActiveCfg = Release|x64
		{BDF98E69-FC1B-4010-B9D7-8DB75E26A245}.Release|x64.Build.0 = Release|x64
		{BDF98E69-FC1B-4010-B9D7-8DB75E26A245}.Release|x86.ActiveCfg = Release|x64
		{C8572E70-1B3F-469B-BB92-96DD46C72504}.Debug|x64.ActiveCfg = Debug|x64
		{C8572E70-1B3F-469B-BB92-96DD46C72504}.Debug|x64.Build.0 = Debug|x64
		{C8572E70-1B3F-469B-BB92-96DD46C72504}.Debug|x86.ActiveCfg = Debug|x64
		{C8572E70-1B3F-469B-BB92-96DD46C72504}.Release|x64.ActiveCfg = Release|x64
		{C8572E70-1B3F-469B-BB92-96DD46C72504}.Release|x64.Build.0 = Release|x64
		{C8572E70-1B3F-469B-BB92-96DD46C72504}.Release|x86.ActiveCfg = Release|x64
		{A4D0791D-FE3A-42ED-8093-0B6773D24303}.Debug|x64.ActiveCfg = Debug|x64
		{A4D0791D-FE3A-42ED-8093-0B6773D24303}.Debug|x64.Build.0 = Debug|x64
		{A4D0791D-FE3A-42ED-8093-0B6773D24303}.Debug|x86.ActiveCfg = Debug|x64
		{A4D0791D-FE3A-42ED-8093-0B6773D24303}.Release|x64.ActiveCfg = Release|x64
		{A4D0791D-FE3A-42ED-8093-0B6773D24303}.Release|x64.Build.0 = Release|x64
		{A4D0791D-FE3A-42ED-8093-0B6773D24303}.Release|x86.ActiveCfg = Release|x64
		{55D3B31D-D3E3-47EB-9761-F7E828A67680}.Debug|x64.ActiveCfg = Debug|x64
		{55D3B31D-D3E3-47EB-9761-F7E828A67680}.Debug|x64.Build.0 = Debug|x64
		{55D3B31D-D3E3-47EB-9761-F7E828A67680}.Debug|x86.ActiveCfg = Debug|x64
		{55D3B31D-D3E3-47EB-9761-F7E828A67680}.Release|x64.ActiveCfg = Release|x64
		{55D3B31D-D3E3-47EB-9761-F7E828A67680}.Release|x64.Build.0 = Release|x64
		{55D3B31D-D3E3-47EB-9761-F7E828A67680}.Release|x86.ActiveCfg = Release|x64
		{561854BE-4E26-474C-8F7A-879B19A4CF59}.Debug|x64.ActiveCfg = Debug|x64
		{561854BE-4E26-474C-8F7A-879B19A4CF59}.Debug|x64.Build.0 = Debug|x64
		{561854BE-4E26-474C-8F7A-879B19A4CF59}.Debug|x86.ActiveCfg = Debug|x64
		{561854BE-4E26-474C-8F7A-879B19A4CF59}.Release|x64.ActiveCfg = Release|x64
		{561854BE-4E26-474C-8F7A-879B19A4CF59}.Release|x64.Build.0 = Release|x64
		{561854BE-4E26-474C-8F7A-879B19A4CF59}.Release|x86.ActiveCfg = Release|x64
		{E613EBE4-86FB-4CB5-8E04-E4558231D013}.Debug|x64.ActiveCfg = Debug|x64
		{E613EBE4-86FB-4CB5-8E04-E4558231D013}.Debug|x64.Build.0 = Debug|x64
		{E613EBE4-86FB-4CB5-8E04-E4558231D013}.Debug|x86.ActiveCfg = Debug|x64
		{E613EBE4-86FB-4CB5-8E04-E4558231D013}.Release|x64.ActiveCfg = Release|x64
		{E613EBE4-86FB-4CB5-8E04-E4558231D013}.Release|x64.Build.0 = Release|x64
		{E613EBE4-86FB-4CB5-8E04-E4558231D013}.Release|x86.ActiveCfg = Release|x64
		{5A56DD68-B309-44CA-82EB-13614BAEDA69}.Debug|x64.ActiveCfg = Debug|x64
		{5A56DD68-B309-44CA-82EB-13614BAEDA69}.Debug|x64.Build.0 = Debug|x64
		{5A56DD68-B309-44CA-82EB-13614BAEDA69}.Debug|x86.ActiveCfg = Debug|x64
		{5A56DD68-B309-44CA-82EB-13614BAEDA69}.Release|x64.ActiveCfg = Release|x64
		{5A56DD68-B309-44CA-82EB-13614BAEDA69}.Release|x64.Build.0 = Release|x64
		{5A56DD68-B309-44CA-82EB-13614BAEDA69}.Release|x86.ActiveCfg = Release|x64
		{725CCCC9-D908-4257-B0E5-54BEBF75B3EF}.Debug|x64.ActiveCfg = Debug|x64
		{725CCCC9-D908-4257-B0E5-54BEBF75B3EF}.Debug|x64.Build.0 = Debug|x64
		{725CCCC9-D908-4257-B0E5-54BEBF75B3EF}.Debug|x86.ActiveCfg = Debug|x64
		{725CCCC9-D908-4257-B0E5-54BEBF75B3EF}.Release|x64.ActiveCfg = Release|x64
		{725CCCC9-D908-4257-B0E5-54BEBF75B3EF}.Release|x64.Build.0 = Release|x64
		{725CCCC9-D908-4257-B0E5-54BEBF75B3EF}.Release|x86.ActiveCfg = Release|x64
		{F0DCB746-4531-4351-9A6E-140C336A3C35}.Debug|x64.ActiveCfg = Debug|x64
		{F0DCB746-4531-4351-9A6E-140C336A3C35}.Debug|x64.Build.0 = Debug|x64
		{F0DCB746-4531-4351-9A6E-140C336A3C35}.Debug|x86.ActiveCfg = Debug|x64
		{F0DCB746-4531-4351-9A6E-140C336A3C35}.Release|x64.ActiveCfg = Release|x64
		{F0DCB746-4531-4351-9A6E-140C336A3C35}.Release|x64.Build.0 = Release|x64
		{F0DCB746-4531-4351-9A6E-140C336A3C35}.Release|x86.ActiveCfg = Release|x64
		{6809AC33-2D2C-4A2F-9A7F-C187A9307703}.Debug|x64.ActiveCfg = Debug|x64
		{6809AC33-2D2C-4A2F-9A7F-C187A9307703}.Debug|x64.Build.0 = Debug|x64
		{6809AC33-2D2C-4A2F-9A7F-C187A9307703}.Debug|x86.ActiveCfg = Debug|x64
		{6809AC33-2D2C-4A2F-9A7F-C187A9307703}.Release|x64.ActiveCfg = Release|x64
		{6809AC33-2D2C-4A2F-9A7F-C187A9307703}.Release|x64.Build.0 = Release|x64
		{6809AC33-2D2C-4A2F-9A7F-C187A9307703}.Release|x86.ActiveCfg = Release|x64
		{4DE6446C-E0A9-4B48-9D06-821A246EF395}.Debug|x64.ActiveCfg = Debug|x64
		{4DE6446C-E0A9-4B48-9D06-821A246EF395}.Debug|x64.Build.0 = Debug|x64
		{4DE6446C-E0A9-4B48-9D06-821A246EF395}.Debug|x86.ActiveCfg = Debug|x64
		{4DE6446C-E0A9-4B48-9D06-821A246EF395}.Release|x64.ActiveCfg = Release|x64
		{4DE6446C-E0A9-4B48-9D06-821A246EF395}.Release|x64.Build.0 = Release|x64
		{4DE6446C-E0A9-4B48-9D06-821A246EF395}.Release|x86.ActiveCfg = Release|x64
		{8D7D6EB2-5151-4527-934B-D775D58F0994}.Debug|x64.ActiveCfg = Debug|x64
		{8D7D6EB2-5151-4527-934B-D775D58F0994}.Debug|x64.Build.0 = Debug|x64
		{8D7D6EB2-5151-4527-934B-D775D58F0994}.Debug|x86.ActiveCfg = Debug|x64
		{8D7D6EB2-5151-4527-934B-D775D58F0994}.Release|x64.ActiveCfg = Release|x64
		{8D7D6EB2-5151-4527-934B-D775D58F0994}.Release|x64.Build.0 = Release|x64
		{8D7D6EB2-5151-4527-934B-D775D58F0994}.Release|x86.ActiveCfg = Release|x64
		{EAD6194A-8725-4DD7-B303-C09C40905CC9}.Debug|x64.ActiveCfg = Debug|x64
		{EAD6194A-8725-4DD7-B303-C09C40905CC9}.Debug|x64.Build.0 = Debug|x64
		{EAD6194A-8725-4DD7-B303-C09C40905CC9}.Debug|x86.ActiveCfg = Debug|x64
		{EAD6194A-8725-4DD7-B303-C09C40905CC9}.Release|x64.ActiveCfg = Release|x64
		{EAD6194A-8725-4DD7-B303-C09C40905CC9}.Release|x64.Build.0 = Release|x64
		{EAD6194A-8725-4DD7-B303-C09C40905CC9}.Release|x86.ActiveCfg = Release|x64
		{A4A992B0-4300-4D9F-BD91-9BA6AFE44D21}.Debug|x64.ActiveCfg = Debug|x64
		{A4A992B0-4300-4D9F-BD91-9BA6AFE44D21}.Debug|x64.Build.0 = Debug|x64
		{A4A992B0-4300-4D9F-BD91-9BA6AFE44D21}.Debug|x86.ActiveCfg = Debug|x64
		{A4A992B0-4300-4D9F-BD91-9BA6AFE44D21}.Release|x64.ActiveCfg = Release|x64
		{A4A992B0-4300-4D9F-BD91-9BA6AFE44D21}.Release|x64.Build.0 = Release|x64
		{A4A992B0-4300-4D9F-BD91-9BA6AFE44D21}.Release|x86.ActiveCfg = Release|x64
		{D3F10834-FF05-41CA-9A66-B526609C8B51}.Debug|x64.ActiveCfg = Debug|x64
		{D3F10834-FF05-41CA-9A66-B526609C8B51}.Debug|x64.Build.0 = Debug|x64
		{D3F10834-FF05-41CA-9A66-B526609C8B51}.Debug|x86.ActiveCfg = Debug|x64
		{D3F10834-FF05-41CA-9A66-B526609C8B51}.Release|x64.ActiveCfg = Release|x64
		{D3F10834-FF05-41CA-9A66-B526609C8B51}.Release|x64.Build.0 = Release|x64
		{D3F10834-FF05-41CA-9A66-B526609C8B51}.Release|x86.ActiveCfg = Release|x64
		{A9B67582-B453-4236-BDAB-B2D210E321E5}.Debug|x64.ActiveCfg = Debug|x64
		{A9B67582-B453-4236-BDAB-B2D210E321E5}.Debug|x64.Build.0 = Debug|x64
		{A9B67582-B453-4236-BDAB-B2D210E321E5}.Debug|x86.ActiveCfg = Debug|x64
		{A9B67582-B453-4236-BDAB-B2D210E321E5}.Release|x64.ActiveCfg = Release|x64
		{A9B67582-B453-4236-BDAB-B2D210E321E5}.Release|x64.Build.0 = Release|x64
		{A9B67582-B453-4236-BDAB-B2D210E321E5}.Release|x86.ActiveCfg = Release|x64
		{26BEE3B0-BB11-4FE0-8C7F-B655AA37EBAF}.Debug|x64.ActiveCfg = Debug|x64
		{26BEE3B0-BB11-4FE0-8C7F-B655AA37EBAF}.Debug|x64.Build.0 = Debug|x64
		{26BEE3B0-BB11-4FE0-8C7F-B655AA37EBAF}.Debug|x86.ActiveCfg = Debug|x64
		{26BEE3B0-BB11-4FE0-8C7F-B655AA37EBAF}.Release|x64.ActiveCfg = Release|x64
		{26BEE3B0-BB11-4FE0-8C7F-B655AA37EBAF}.Release|x64.Build.0 = Release|x64
		{26BEE3B0-BB11-4FE0-8C7F-B655AA37EBAF}.Release|x86.ActiveCfg = Release|x64
		{2CA513AF-6A8A-47EA-8153-9944FFDB83AA}.Debug|x64.ActiveCfg = Debug|x64
		{2CA513AF-6A8A-47EA-8153-9944FFDB83AA}.Debug|x64.Build.0 = Debug|x64
		{2CA513AF-6A8A-47EA-8153-9944FFDB83AA}.Debug|x86.ActiveCfg = Debug|x64
		{2CA513AF-6A8A-47EA-8153-9944FFDB83AA}.Release|x64.ActiveCfg = Release|x64
		{2CA513AF-6A8A-47EA-8153-9944FFDB83AA}.Release|x64.Build.0 = Release|x64
		{2CA513AF-6A8A-47EA-8153-9944FFDB83AA}.Release|x86.ActiveCfg = Release|x64
		{CC303B10-D7FA-4ACD-B85D-44B6B282193B}.Debug|x64.ActiveCfg = Debug|x64
		{CC303B10-D7FA-4ACD-B85D-44B6B282193B}.Debug|x64.Build.0 = Debug|x64
		{CC303B10-D7FA-4ACD-B85D-44B6B282193B}.Debug|x86.ActiveCfg = Debug|x64
		{CC303B10-D7FA-4ACD-B85D-44B6B282193B}.Release|x64.ActiveCfg = Release|x64
		{CC303B10-D7FA-4ACD-B85D-44B6B282193B}.Release|x64.Build.0 = Release|x64
		{CC303B10-D7FA-4ACD-B85D-44B6B282193B}.Release|x86.ActiveCfg = Release|x64
		{F7CF2FCB-B6C1-42E3-824F-B2559A8E8D13}.Debug|x64.ActiveCfg = Debug|x64
		{F7CF2FCB-B6C1-42E3-824F-B2559A8E8D13}.Debug|x64.Build.0 = Debug|x64
		{F7CF2FCB-B6C1-42E3-824F-B2559A8E8D13}.Debug|x86.ActiveCfg = Debug|x64
		{F7CF2FCB-B6C1-42E3-824F-B2559A8E8D13}.Release|x64.ActiveCfg = Release|x64
		{F7CF2FCB-B6C1-42E3-824F-B2559A8E8D13}.Release|x64.Build.0 = Release|x64
		{F7CF2FCB-B6C1-42E3-824F-B2559A8E8D13}.Release|x86.ActiveCfg = Release|x64
	EndGlobalSection
	GlobalSection(SolutionProperties) = preSolution
		HideSolutionNode = FALSE
	EndGlobalSection
	GlobalSection(NestedProjects) = preSolution
		{319D92D9-944C-4793-8BB9-D41497B03345} = {E811CB7A-FB4B-4D00-B9F5-131B93CE2482}
		{C4BDEE8F-C890-4EA7-A822-A7011A29A6FB} = {E811CB7A-FB4B-4D00-B9F5-131B93CE2482}
		{BDF98E69-FC1B-4010-B9D7-8DB75E26A245} = {E811CB7A-FB4B-4D00-B9F5-131B93CE2482}
		{C8572E70-1B3F-469B-BB92-96DD46C72504} = {7F897E50-4B61-4E37-B6BC-B6BE2EBE3F77}
		{A4D0791D-FE3A-42ED-8093-0B6773D24303} = {CE2AE061-D19B-455F-8642-6DF02FA6C8AD}
		{55D3B31D-D3E3-47EB-9761-F7E828A67680} = {D59A1962-9677-4428-B2AD-562B9E1839E9}
		{561854BE-4E26-474C-8F7A-879B19A4CF59} = {7F897E50-4B61-4E37-B6BC-B6BE2EBE3F77}
		{E613EBE4-86FB-4CB5-8E04-E4558231D013} = {7F897E50-4B61-4E37-B6BC-B6BE2EBE3F77}
		{5A56DD68-B309-44CA-82EB-13614BAEDA69} = {7F897E50-4B61-4E37-B6BC-B6BE2EBE3F77}
		{725CCCC9-D908-4257-B0E5-54BEBF75B3EF} = {7F897E50-4B61-4E37-B6BC-B6BE2EBE3F77}
		{F0DCB746-4531-4351-9A6E-140C336A3C35} = {7F897E50-4B61-4E37-B6BC-B6BE2EBE3F77}
		{6809AC33-2D2C-4A2F-9A7F-C187A9307703} = {7F897E50-4B61-4E37-B6BC-B6BE2EBE3F77}
		{4DE6446C-E0A9-4B48-9D06-821A246EF395} = {7F897E50-4B61-4E37-B6BC-B6BE2EBE3F77}
		{8D7D6EB2-5151-4527-934B-D775D58F0994} = {7F897E50-4B61-4E37-B6BC-B6BE2EBE3F77}
		{EAD6194A-8725-4DD7-B303-C09C40905CC9} = {A1F29BB5-DD4D-496E-B6BA-08A8239FABB5}
		{A4A992B0-4300-4D9F-BD91-9BA6AFE44D21} = {7F897E50-4B61-4E37-B6BC-B6BE2EBE3F77}
		{D3F10834-FF05-41CA-9A66-B526609C8B51} = {7F897E50-4B61-4E37-B6BC-B6BE2EBE3F77}
		{A9B67582-B453-4236-BDAB-B2D210E321E5} = {7F897E50-4B61-4E37-B6BC-B6BE2EBE3F77}
		{26BEE3B0-BB11-4FE0-8C7F-B655AA37EBAF} = {7F897E50-4B61-4E37-B6BC-B6BE2EBE3F77}
		{2CA513AF-6A8A-47EA-8153-9944FFDB83AA} = {7F897E50-4B61-4E37-B6BC-B6BE2EBE3F77}
		{CC303B10-D7FA-4ACD-B85D-44B6B282193B} = {7F897E50-4B61-4E37-B6BC-B6BE2EBE3F77}
		{F7CF2FCB-B6C1-42E3-824F-B2559A8E8D13} = {7F897E50-4B61-4E37-B6BC-B6BE2EBE3F77}
	EndGlobalSection
	GlobalSection(ExtensibilityGlobals) = postSolution
		SolutionGuid = {1B7CED8D-4054-4DBF-B591-A795C68F161F}
	EndGlobalSection
EndGlobal
