
Microsoft Visual Studio Solution File, Format Version 12.00
# Visual Studio Version 16
VisualStudioVersion = 16.0.29613.14
MinimumVisualStudioVersion = 10.0.40219.1
Project("{2150E333-8FDC-42A3-9474-1A3956D46DE8}") = "Engine", "Engine", "{7F897E50-4B61-4E37-B6BC-B6BE2EBE3F77}"
EndProject
Project("{2150E333-8FDC-42A3-9474-1A3956D46DE8}") = "Game", "Game", "{D59A1962-9677-4428-B2AD-562B9E1839E9}"
EndProject
Project("{2150E333-8FDC-42A3-9474-1A3956D46DE8}") = "UnitTest", "UnitTest", "{CE2AE061-D19B-455F-8642-6DF02FA6C8AD}"
EndProject
Project("{8BC9CEB8-8B4A-11D0-8D11-00A0C91BC942}") = "CustomeGame", "MyGame\CustomeGame.vcxproj", "{55D3B31D-D3E3-47EB-9761-F7E828A67680}"
EndProject
Project("{8BC9CEB8-8B4A-11D0-8D11-00A0C91BC942}") = "Animation", "Tempest\Animation\Animation.vcxproj", "{CC303B10-D7FA-4ACD-B85D-44B6B282193B}"
EndProject
Project("{8BC9CEB8-8B4A-11D0-8D11-00A0C91BC942}") = "Application", "Tempest\Application\Application.vcxproj", "{A4A992B0-4300-4D9F-BD91-9BA6AFE44D21}"
EndProject
Project("{8BC9CEB8-8B4A-11D0-8D11-00A0C91BC942}") = "Configuration", "Tempest\Configuration\Configuration.vcxproj", "{5A56DD68-B309-44CA-82EB-13614BAEDA69}"
EndProject
Project("{8BC9CEB8-8B4A-11D0-8D11-00A0C91BC942}") = "PhysicsEngine", "Tempest\PhysicsEngine\PhysicsEngine.vcxproj", "{D3F10834-FF05-41CA-9A66-B526609C8B51}"
EndProject
Project("{8BC9CEB8-8B4A-11D0-8D11-00A0C91BC942}") = "UserInterface", "Tempest\UserInterface\UserInterface.vcxproj", "{2CA513AF-6A8A-47EA-8153-9944FFDB83AA}"
EndProject
Project("{2150E333-8FDC-42A3-9474-1A3956D46DE8}") = "Core", "Core", "{3145ED23-F694-44A7-B911-78A02D66BD0D}"
EndProject
Project("{8BC9CEB8-8B4A-11D0-8D11-00A0C91BC942}") = "EntitySystem", "Tempest\Core\EntitySystem\EntitySystem.vcxproj", "{8D7D6EB2-5151-4527-934B-D775D58F0994}"
EndProject
Project("{8BC9CEB8-8B4A-11D0-8D11-00A0C91BC942}") = "Input", "Tempest\Core\Input\Input.vcxproj", "{725CCCC9-D908-4257-B0E5-54BEBF75B3EF}"
EndProject
Project("{8BC9CEB8-8B4A-11D0-8D11-00A0C91BC942}") = "Layer", "Tempest\Core\Layer\Layer.vcxproj", "{2B52B2E4-D107-4EC2-AC23-3C3DCDB1DDFB}"
EndProject
Project("{8BC9CEB8-8B4A-11D0-8D11-00A0C91BC942}") = "Logging", "Tempest\Core\Logging\Logging.vcxproj", "{A9B67582-B453-4236-BDAB-B2D210E321E5}"
EndProject
Project("{8BC9CEB8-8B4A-11D0-8D11-00A0C91BC942}") = "Math", "Tempest\Core\Math\Math.vcxproj", "{C8572E70-1B3F-469B-BB92-96DD46C72504}"
EndProject
Project("{8BC9CEB8-8B4A-11D0-8D11-00A0C91BC942}") = "MemoryManagement", "Tempest\Core\MemoryManagement\MemoryManagement.vcxproj", "{4DE6446C-E0A9-4B48-9D06-821A246EF395}"
EndProject
Project("{8BC9CEB8-8B4A-11D0-8D11-00A0C91BC942}") = "Parts", "Tempest\Core\Parts\Parts.vcxproj", "{F0DCB746-4531-4351-9A6E-140C336A3C35}"
EndProject
Project("{8BC9CEB8-8B4A-11D0-8D11-00A0C91BC942}") = "ResourceManagement", "Tempest\Core\ResourceManagement\ResourceManagement.vcxproj", "{4590A9A9-0184-4A56-B1CC-3B585D51FC0D}"
EndProject
Project("{8BC9CEB8-8B4A-11D0-8D11-00A0C91BC942}") = "Thread", "Tempest\Core\Thread\Thread.vcxproj", "{561854BE-4E26-474C-8F7A-879B19A4CF59}"
EndProject
Project("{8BC9CEB8-8B4A-11D0-8D11-00A0C91BC942}") = "Time", "Tempest\Core\Time\Time.vcxproj", "{E613EBE4-86FB-4CB5-8E04-E4558231D013}"
EndProject
Project("{8BC9CEB8-8B4A-11D0-8D11-00A0C91BC942}") = "PremadeParts", "Tempest\PremadeParts\PremadeParts.vcxproj", "{EAD6194A-8725-4DD7-B303-C09C40905CC9}"
EndProject
Project("{8BC9CEB8-8B4A-11D0-8D11-00A0C91BC942}") = "Graphics", "Tempest\Graphics\Graphics.vcxproj", "{6809AC33-2D2C-4A2F-9A7F-C187A9307703}"
EndProject
Project("{2150E333-8FDC-42A3-9474-1A3956D46DE8}") = "Tool", "Tool", "{86B342BF-936F-44CD-B8EA-C768A8CE0EA2}"
EndProject
Project("{8BC9CEB8-8B4A-11D0-8D11-00A0C91BC942}") = "GeometryBuilder", "Tool\GeometryBuilder\GeometryBuilder.vcxproj", "{97607763-44DB-4E40-AAB7-73CD6810010F}"
EndProject
Project("{8BC9CEB8-8B4A-11D0-8D11-00A0C91BC942}") = "ToolPipelineTest", "Test\UnitTests\ToolPipelineTest\ToolPipelineTest.vcxproj", "{F34E4086-B121-4A01-B414-0763FC183518}"
EndProject
Project("{2150E333-8FDC-42A3-9474-1A3956D46DE8}") = "External", "External", "{BB2F8603-1BCD-48F9-A9B3-5D3E380096E9}"
EndProject
Project("{8BC9CEB8-8B4A-11D0-8D11-00A0C91BC942}") = "imgui", "Tempest\External\imgui\imgui.vcxproj", "{1FFCA871-4D34-497D-BF09-DB6A91F02BF2}"
EndProject
Project("{8BC9CEB8-8B4A-11D0-8D11-00A0C91BC942}") = "TextureBuilder", "Tool\TextureBuilder\TextureBuilder.vcxproj", "{2F2F9E50-AEB8-45B0-9D77-51E21FBC6056}"
EndProject
Project("{8BC9CEB8-8B4A-11D0-8D11-00A0C91BC942}") = "Utility", "Tempest\Core\Utility\Utility.vcxproj", "{883F681D-4804-427D-9FFF-D4C138B37281}"
EndProject
Global
	GlobalSection(SolutionConfigurationPlatforms) = preSolution
		Debug|x64 = Debug|x64
		Release|x64 = Release|x64
	EndGlobalSection
	GlobalSection(ProjectConfigurationPlatforms) = postSolution
		{55D3B31D-D3E3-47EB-9761-F7E828A67680}.Debug|x64.ActiveCfg = Debug|x64
		{55D3B31D-D3E3-47EB-9761-F7E828A67680}.Debug|x64.Build.0 = Debug|x64
		{55D3B31D-D3E3-47EB-9761-F7E828A67680}.Release|x64.ActiveCfg = Release|x64
		{55D3B31D-D3E3-47EB-9761-F7E828A67680}.Release|x64.Build.0 = Release|x64
		{CC303B10-D7FA-4ACD-B85D-44B6B282193B}.Debug|x64.ActiveCfg = Debug|x64
		{CC303B10-D7FA-4ACD-B85D-44B6B282193B}.Debug|x64.Build.0 = Debug|x64
		{CC303B10-D7FA-4ACD-B85D-44B6B282193B}.Release|x64.ActiveCfg = Release|x64
		{CC303B10-D7FA-4ACD-B85D-44B6B282193B}.Release|x64.Build.0 = Release|x64
		{A4A992B0-4300-4D9F-BD91-9BA6AFE44D21}.Debug|x64.ActiveCfg = Debug|x64
		{A4A992B0-4300-4D9F-BD91-9BA6AFE44D21}.Debug|x64.Build.0 = Debug|x64
		{A4A992B0-4300-4D9F-BD91-9BA6AFE44D21}.Release|x64.ActiveCfg = Release|x64
		{A4A992B0-4300-4D9F-BD91-9BA6AFE44D21}.Release|x64.Build.0 = Release|x64
		{5A56DD68-B309-44CA-82EB-13614BAEDA69}.Debug|x64.ActiveCfg = Debug|x64
		{5A56DD68-B309-44CA-82EB-13614BAEDA69}.Debug|x64.Build.0 = Debug|x64
		{5A56DD68-B309-44CA-82EB-13614BAEDA69}.Release|x64.ActiveCfg = Release|x64
		{5A56DD68-B309-44CA-82EB-13614BAEDA69}.Release|x64.Build.0 = Release|x64
		{D3F10834-FF05-41CA-9A66-B526609C8B51}.Debug|x64.ActiveCfg = Debug|x64
		{D3F10834-FF05-41CA-9A66-B526609C8B51}.Debug|x64.Build.0 = Debug|x64
		{D3F10834-FF05-41CA-9A66-B526609C8B51}.Release|x64.ActiveCfg = Release|x64
		{D3F10834-FF05-41CA-9A66-B526609C8B51}.Release|x64.Build.0 = Release|x64
		{2CA513AF-6A8A-47EA-8153-9944FFDB83AA}.Debug|x64.ActiveCfg = Debug|x64
		{2CA513AF-6A8A-47EA-8153-9944FFDB83AA}.Debug|x64.Build.0 = Debug|x64
		{2CA513AF-6A8A-47EA-8153-9944FFDB83AA}.Release|x64.ActiveCfg = Release|x64
		{2CA513AF-6A8A-47EA-8153-9944FFDB83AA}.Release|x64.Build.0 = Release|x64
		{8D7D6EB2-5151-4527-934B-D775D58F0994}.Debug|x64.ActiveCfg = Debug|x64
		{8D7D6EB2-5151-4527-934B-D775D58F0994}.Debug|x64.Build.0 = Debug|x64
		{8D7D6EB2-5151-4527-934B-D775D58F0994}.Release|x64.ActiveCfg = Release|x64
		{8D7D6EB2-5151-4527-934B-D775D58F0994}.Release|x64.Build.0 = Release|x64
		{725CCCC9-D908-4257-B0E5-54BEBF75B3EF}.Debug|x64.ActiveCfg = Debug|x64
		{725CCCC9-D908-4257-B0E5-54BEBF75B3EF}.Debug|x64.Build.0 = Debug|x64
		{725CCCC9-D908-4257-B0E5-54BEBF75B3EF}.Release|x64.ActiveCfg = Release|x64
		{725CCCC9-D908-4257-B0E5-54BEBF75B3EF}.Release|x64.Build.0 = Release|x64
		{2B52B2E4-D107-4EC2-AC23-3C3DCDB1DDFB}.Debug|x64.ActiveCfg = Debug|x64
		{2B52B2E4-D107-4EC2-AC23-3C3DCDB1DDFB}.Debug|x64.Build.0 = Debug|x64
		{2B52B2E4-D107-4EC2-AC23-3C3DCDB1DDFB}.Release|x64.ActiveCfg = Release|x64
		{2B52B2E4-D107-4EC2-AC23-3C3DCDB1DDFB}.Release|x64.Build.0 = Release|x64
		{A9B67582-B453-4236-BDAB-B2D210E321E5}.Debug|x64.ActiveCfg = Debug|x64
		{A9B67582-B453-4236-BDAB-B2D210E321E5}.Debug|x64.Build.0 = Debug|x64
		{A9B67582-B453-4236-BDAB-B2D210E321E5}.Release|x64.ActiveCfg = Release|x64
		{A9B67582-B453-4236-BDAB-B2D210E321E5}.Release|x64.Build.0 = Release|x64
		{C8572E70-1B3F-469B-BB92-96DD46C72504}.Debug|x64.ActiveCfg = Debug|x64
		{C8572E70-1B3F-469B-BB92-96DD46C72504}.Debug|x64.Build.0 = Debug|x64
		{C8572E70-1B3F-469B-BB92-96DD46C72504}.Release|x64.ActiveCfg = Release|x64
		{C8572E70-1B3F-469B-BB92-96DD46C72504}.Release|x64.Build.0 = Release|x64
		{4DE6446C-E0A9-4B48-9D06-821A246EF395}.Debug|x64.ActiveCfg = Debug|x64
		{4DE6446C-E0A9-4B48-9D06-821A246EF395}.Debug|x64.Build.0 = Debug|x64
		{4DE6446C-E0A9-4B48-9D06-821A246EF395}.Release|x64.ActiveCfg = Release|x64
		{4DE6446C-E0A9-4B48-9D06-821A246EF395}.Release|x64.Build.0 = Release|x64
		{F0DCB746-4531-4351-9A6E-140C336A3C35}.Debug|x64.ActiveCfg = Debug|x64
		{F0DCB746-4531-4351-9A6E-140C336A3C35}.Debug|x64.Build.0 = Debug|x64
		{F0DCB746-4531-4351-9A6E-140C336A3C35}.Release|x64.ActiveCfg = Release|x64
		{F0DCB746-4531-4351-9A6E-140C336A3C35}.Release|x64.Build.0 = Release|x64
		{4590A9A9-0184-4A56-B1CC-3B585D51FC0D}.Debug|x64.ActiveCfg = Debug|x64
		{4590A9A9-0184-4A56-B1CC-3B585D51FC0D}.Debug|x64.Build.0 = Debug|x64
		{4590A9A9-0184-4A56-B1CC-3B585D51FC0D}.Release|x64.ActiveCfg = Release|x64
		{4590A9A9-0184-4A56-B1CC-3B585D51FC0D}.Release|x64.Build.0 = Release|x64
		{561854BE-4E26-474C-8F7A-879B19A4CF59}.Debug|x64.ActiveCfg = Debug|x64
		{561854BE-4E26-474C-8F7A-879B19A4CF59}.Debug|x64.Build.0 = Debug|x64
		{561854BE-4E26-474C-8F7A-879B19A4CF59}.Release|x64.ActiveCfg = Release|x64
		{561854BE-4E26-474C-8F7A-879B19A4CF59}.Release|x64.Build.0 = Release|x64
		{E613EBE4-86FB-4CB5-8E04-E4558231D013}.Debug|x64.ActiveCfg = Debug|x64
		{E613EBE4-86FB-4CB5-8E04-E4558231D013}.Debug|x64.Build.0 = Debug|x64
		{E613EBE4-86FB-4CB5-8E04-E4558231D013}.Release|x64.ActiveCfg = Release|x64
		{E613EBE4-86FB-4CB5-8E04-E4558231D013}.Release|x64.Build.0 = Release|x64
		{EAD6194A-8725-4DD7-B303-C09C40905CC9}.Debug|x64.ActiveCfg = Debug|x64
		{EAD6194A-8725-4DD7-B303-C09C40905CC9}.Debug|x64.Build.0 = Debug|x64
		{EAD6194A-8725-4DD7-B303-C09C40905CC9}.Release|x64.ActiveCfg = Release|x64
		{EAD6194A-8725-4DD7-B303-C09C40905CC9}.Release|x64.Build.0 = Release|x64
		{6809AC33-2D2C-4A2F-9A7F-C187A9307703}.Debug|x64.ActiveCfg = Debug|x64
		{6809AC33-2D2C-4A2F-9A7F-C187A9307703}.Debug|x64.Build.0 = Debug|x64
		{6809AC33-2D2C-4A2F-9A7F-C187A9307703}.Release|x64.ActiveCfg = Release|x64
		{6809AC33-2D2C-4A2F-9A7F-C187A9307703}.Release|x64.Build.0 = Release|x64
		{97607763-44DB-4E40-AAB7-73CD6810010F}.Debug|x64.ActiveCfg = Debug|x64
		{97607763-44DB-4E40-AAB7-73CD6810010F}.Debug|x64.Build.0 = Debug|x64
		{97607763-44DB-4E40-AAB7-73CD6810010F}.Release|x64.ActiveCfg = Release|x64
		{97607763-44DB-4E40-AAB7-73CD6810010F}.Release|x64.Build.0 = Release|x64
		{F34E4086-B121-4A01-B414-0763FC183518}.Debug|x64.ActiveCfg = Debug|x64
		{F34E4086-B121-4A01-B414-0763FC183518}.Debug|x64.Build.0 = Debug|x64
		{F34E4086-B121-4A01-B414-0763FC183518}.Release|x64.ActiveCfg = Release|x64
		{F34E4086-B121-4A01-B414-0763FC183518}.Release|x64.Build.0 = Release|x64
		{1FFCA871-4D34-497D-BF09-DB6A91F02BF2}.Debug|x64.ActiveCfg = Debug|x64
		{1FFCA871-4D34-497D-BF09-DB6A91F02BF2}.Debug|x64.Build.0 = Debug|x64
		{1FFCA871-4D34-497D-BF09-DB6A91F02BF2}.Release|x64.ActiveCfg = Release|x64
		{1FFCA871-4D34-497D-BF09-DB6A91F02BF2}.Release|x64.Build.0 = Release|x64
		{2F2F9E50-AEB8-45B0-9D77-51E21FBC6056}.Debug|x64.ActiveCfg = Debug|x64
		{2F2F9E50-AEB8-45B0-9D77-51E21FBC6056}.Debug|x64.Build.0 = Debug|x64
		{2F2F9E50-AEB8-45B0-9D77-51E21FBC6056}.Release|x64.ActiveCfg = Release|x64
		{2F2F9E50-AEB8-45B0-9D77-51E21FBC6056}.Release|x64.Build.0 = Release|x64
		{883F681D-4804-427D-9FFF-D4C138B37281}.Debug|x64.ActiveCfg = Debug|x64
		{883F681D-4804-427D-9FFF-D4C138B37281}.Debug|x64.Build.0 = Debug|x64
		{883F681D-4804-427D-9FFF-D4C138B37281}.Release|x64.ActiveCfg = Release|x64
		{883F681D-4804-427D-9FFF-D4C138B37281}.Release|x64.Build.0 = Release|x64
	EndGlobalSection
	GlobalSection(SolutionProperties) = preSolution
		HideSolutionNode = FALSE
	EndGlobalSection
	GlobalSection(NestedProjects) = preSolution
		{55D3B31D-D3E3-47EB-9761-F7E828A67680} = {D59A1962-9677-4428-B2AD-562B9E1839E9}
		{CC303B10-D7FA-4ACD-B85D-44B6B282193B} = {7F897E50-4B61-4E37-B6BC-B6BE2EBE3F77}
		{A4A992B0-4300-4D9F-BD91-9BA6AFE44D21} = {7F897E50-4B61-4E37-B6BC-B6BE2EBE3F77}
		{5A56DD68-B309-44CA-82EB-13614BAEDA69} = {7F897E50-4B61-4E37-B6BC-B6BE2EBE3F77}
		{D3F10834-FF05-41CA-9A66-B526609C8B51} = {7F897E50-4B61-4E37-B6BC-B6BE2EBE3F77}
		{2CA513AF-6A8A-47EA-8153-9944FFDB83AA} = {7F897E50-4B61-4E37-B6BC-B6BE2EBE3F77}
		{3145ED23-F694-44A7-B911-78A02D66BD0D} = {7F897E50-4B61-4E37-B6BC-B6BE2EBE3F77}
		{8D7D6EB2-5151-4527-934B-D775D58F0994} = {3145ED23-F694-44A7-B911-78A02D66BD0D}
		{725CCCC9-D908-4257-B0E5-54BEBF75B3EF} = {3145ED23-F694-44A7-B911-78A02D66BD0D}
		{2B52B2E4-D107-4EC2-AC23-3C3DCDB1DDFB} = {3145ED23-F694-44A7-B911-78A02D66BD0D}
		{A9B67582-B453-4236-BDAB-B2D210E321E5} = {3145ED23-F694-44A7-B911-78A02D66BD0D}
		{C8572E70-1B3F-469B-BB92-96DD46C72504} = {3145ED23-F694-44A7-B911-78A02D66BD0D}
		{4DE6446C-E0A9-4B48-9D06-821A246EF395} = {3145ED23-F694-44A7-B911-78A02D66BD0D}
		{F0DCB746-4531-4351-9A6E-140C336A3C35} = {3145ED23-F694-44A7-B911-78A02D66BD0D}
		{4590A9A9-0184-4A56-B1CC-3B585D51FC0D} = {3145ED23-F694-44A7-B911-78A02D66BD0D}
		{561854BE-4E26-474C-8F7A-879B19A4CF59} = {3145ED23-F694-44A7-B911-78A02D66BD0D}
		{E613EBE4-86FB-4CB5-8E04-E4558231D013} = {3145ED23-F694-44A7-B911-78A02D66BD0D}
		{EAD6194A-8725-4DD7-B303-C09C40905CC9} = {7F897E50-4B61-4E37-B6BC-B6BE2EBE3F77}
		{6809AC33-2D2C-4A2F-9A7F-C187A9307703} = {7F897E50-4B61-4E37-B6BC-B6BE2EBE3F77}
		{97607763-44DB-4E40-AAB7-73CD6810010F} = {86B342BF-936F-44CD-B8EA-C768A8CE0EA2}
		{F34E4086-B121-4A01-B414-0763FC183518} = {CE2AE061-D19B-455F-8642-6DF02FA6C8AD}
		{1FFCA871-4D34-497D-BF09-DB6A91F02BF2} = {BB2F8603-1BCD-48F9-A9B3-5D3E380096E9}
		{2F2F9E50-AEB8-45B0-9D77-51E21FBC6056} = {86B342BF-936F-44CD-B8EA-C768A8CE0EA2}
		{883F681D-4804-427D-9FFF-D4C138B37281} = {3145ED23-F694-44A7-B911-78A02D66BD0D}
	EndGlobalSection
	GlobalSection(ExtensibilityGlobals) = postSolution
		SolutionGuid = {1B7CED8D-4054-4DBF-B591-A795C68F161F}
	EndGlobalSection
EndGlobal
