<?xml version="1.0" encoding="utf-8"?>
<Project ToolsVersion="4.0" xmlns="http://schemas.microsoft.com/developer/msbuild/2003">
  <ItemGroup>
    <Filter Include="test1">
      <UniqueIdentifier>{c0f75875-7867-4543-83b7-a6f1e67e787c}</UniqueIdentifier>
    </Filter>
    <Filter Include="DataStructure">
      <UniqueIdentifier>{80663509-0eee-410e-946b-d1893a2c5651}</UniqueIdentifier>
    </Filter>
    <Filter Include="Object">
      <UniqueIdentifier>{8e35f844-1e73-4962-9eba-d742d999e690}</UniqueIdentifier>
    </Filter>
    <Filter Include="Physics">
      <UniqueIdentifier>{f54f81ef-1d25-4b8c-85f7-90bf108dfd49}</UniqueIdentifier>
    </Filter>
  </ItemGroup>
  <ItemGroup>
    <ClCompile Include="StaticLibTest.cpp">
      <Filter>test1</Filter>
    </ClCompile>
    <ClCompile Include="Object2D.cpp">
      <Filter>Object</Filter>
    </ClCompile>
    <ClCompile Include="CollisionDetection.cpp">
      <Filter>Physics</Filter>
    </ClCompile>
  </ItemGroup>
  <ItemGroup>
    <ClInclude Include="StaticLibTest.h">
      <Filter>test1</Filter>
    </ClInclude>
    <ClInclude Include="Object2D.h">
      <Filter>Object</Filter>
    </ClInclude>
    <ClInclude Include="List.h">
      <Filter>DataStructure</Filter>
    </ClInclude>
    <ClInclude Include="Vector2D.h">
      <Filter>DataStructure</Filter>
    </ClInclude>
    <ClInclude Include="CollisionDetection.h">
      <Filter>Physics</Filter>
    </ClInclude>
  </ItemGroup>
</Project>