<?xml version="1.0" encoding="utf-8"?>
<Project ToolsVersion="4.0" xmlns="http://schemas.microsoft.com/developer/msbuild/2003">
  <ItemGroup>
    <Filter Include="DataStructure">
      <UniqueIdentifier>{80663509-0eee-410e-946b-d1893a2c5651}</UniqueIdentifier>
    </Filter>
    <Filter Include="Object">
      <UniqueIdentifier>{8e35f844-1e73-4962-9eba-d742d999e690}</UniqueIdentifier>
    </Filter>
    <Filter Include="Debug">
      <UniqueIdentifier>{39b4dbca-65a8-470e-afe8-f2fbbfd6d653}</UniqueIdentifier>
    </Filter>
  </ItemGroup>
  <ItemGroup>
    <ClCompile Include="Object2D.cpp">
      <Filter>Object</Filter>
    </ClCompile>
    <ClCompile Include="DebugLog.cpp">
      <Filter>Debug</Filter>
    </ClCompile>
  </ItemGroup>
  <ItemGroup>
    <ClInclude Include="Object2D.h">
      <Filter>Object</Filter>
    </ClInclude>
    <ClInclude Include="Vector2D.h">
      <Filter>DataStructure</Filter>
    </ClInclude>
    <ClInclude Include="List.h">
      <Filter>DataStructure</Filter>
    </ClInclude>
    <ClInclude Include="DebugLog.h">
      <Filter>Debug</Filter>
    </ClInclude>
  </ItemGroup>
</Project>