<?xml version="1.0" encoding="utf-8"?>
<Project ToolsVersion="4.0" xmlns="http://schemas.microsoft.com/developer/msbuild/2003">
  <ItemGroup>
    <Filter Include="Source Files">
      <UniqueIdentifier>{4FC737F1-C7A5-4376-A066-2A32D752A2FF}</UniqueIdentifier>
      <Extensions>cpp;c;cc;cxx;c++;cppm;ixx;def;odl;idl;hpj;bat;asm;asmx</Extensions>
    </Filter>
    <Filter Include="Header Files">
      <UniqueIdentifier>{93995380-89BD-4b04-88EB-625FBE52EBFB}</UniqueIdentifier>
      <Extensions>h;hh;hpp;hxx;h++;hm;inl;inc;ipp;xsd</Extensions>
    </Filter>
    <Filter Include="Scene">
      <UniqueIdentifier>{954955a6-a5c9-45d9-8d7d-669d3c1c82c4}</UniqueIdentifier>
    </Filter>
  </ItemGroup>
  <ItemGroup>
    <ClCompile Include="Editor.cpp">
      <Filter>Source Files</Filter>
    </ClCompile>
    <ClCompile Include="ImguiBuild.cpp">
      <Filter>Source Files</Filter>
    </ClCompile>
    <ClCompile Include="ImguiLayer.cpp">
      <Filter>Source Files</Filter>
    </ClCompile>
    <ClCompile Include="..\MyGame\TestScene_SkeletonAnimation.cpp">
      <Filter>Scene</Filter>
    </ClCompile>
  </ItemGroup>
  <ItemGroup>
    <ClInclude Include="ImguiLayer.h">
      <Filter>Header Files</Filter>
    </ClInclude>
    <ClInclude Include="..\MyGame\AnimatedPlayer.h">
      <Filter>Scene</Filter>
    </ClInclude>
    <ClInclude Include="..\MyGame\MyCameraObject.h">
      <Filter>Scene</Filter>
    </ClInclude>
    <ClInclude Include="..\MyGame\MyPointLight.h">
      <Filter>Scene</Filter>
    </ClInclude>
    <ClInclude Include="..\MyGame\MySkyBox.h">
      <Filter>Scene</Filter>
    </ClInclude>
    <ClInclude Include="..\MyGame\TestScenes.h">
      <Filter>Scene</Filter>
    </ClInclude>
  </ItemGroup>
</Project>