<?xml version="1.0" encoding="utf-8"?>
<Project ToolsVersion="4.0" xmlns="http://schemas.microsoft.com/developer/msbuild/2003">
  <ItemGroup>
    <Filter Include="Precompiled Header">
      <UniqueIdentifier>{7f7e6309-960b-4414-b13f-1a0dc1735f59}</UniqueIdentifier>
    </Filter>
    <Filter Include="Object">
      <UniqueIdentifier>{93995380-89BD-4b04-88EB-625FBE52EBFB}</UniqueIdentifier>
      <Extensions>h;hh;hpp;hxx;hm;inl;inc;ipp;xsd</Extensions>
    </Filter>
    <Filter Include="Component">
      <UniqueIdentifier>{a3c366bc-7ccd-4037-833f-a151646bf1c0}</UniqueIdentifier>
    </Filter>
    <Filter Include="Attribute">
      <UniqueIdentifier>{5be0caa2-7323-42b2-8238-a9ede6eb8ea4}</UniqueIdentifier>
    </Filter>
    <Filter Include="Entity">
      <UniqueIdentifier>{51b938cb-c249-4c09-ae37-25115a0ca98e}</UniqueIdentifier>
    </Filter>
  </ItemGroup>
  <ItemGroup>
    <ClInclude Include="Define.h">
      <Filter>Precompiled Header</Filter>
    </ClInclude>
    <ClInclude Include="Object.h">
      <Filter>Object</Filter>
    </ClInclude>
    <ClInclude Include="AnimationComponent.h">
      <Filter>Component</Filter>
    </ClInclude>
    <ClInclude Include="Attribute.h">
      <Filter>Attribute</Filter>
    </ClInclude>
    <ClInclude Include="Component.h">
      <Filter>Component</Filter>
    </ClInclude>
    <ClInclude Include="EffectComponent.h">
      <Filter>Component</Filter>
    </ClInclude>
    <ClInclude Include="MaterialAttribute.h">
      <Filter>Attribute</Filter>
    </ClInclude>
    <ClInclude Include="MeshComponent.h">
      <Filter>Component</Filter>
    </ClInclude>
    <ClInclude Include="TextureAttribute.h">
      <Filter>Attribute</Filter>
    </ClInclude>
    <ClInclude Include="Entity.h">
      <Filter>Entity</Filter>
    </ClInclude>
    <ClInclude Include="SceneEntity.h">
      <Filter>Entity</Filter>
    </ClInclude>
    <ClInclude Include="LightComponent.h">
      <Filter>Component</Filter>
    </ClInclude>
    <ClInclude Include="CameraComponent.h">
      <Filter>Component</Filter>
    </ClInclude>
    <ClInclude Include="BackgroundComponent.h">
      <Filter>Component</Filter>
    </ClInclude>
  </ItemGroup>
  <ItemGroup>
    <ClCompile Include="Define.cpp">
      <Filter>Precompiled Header</Filter>
    </ClCompile>
    <ClCompile Include="Entity.cpp">
      <Filter>Entity</Filter>
    </ClCompile>
    <ClCompile Include="MeshComponent.cpp">
      <Filter>Component</Filter>
    </ClCompile>
  </ItemGroup>
</Project>