<?xml version="1.0" encoding="utf-8"?>
<Project ToolsVersion="4.0" xmlns="http://schemas.microsoft.com/developer/msbuild/2003">
  <ItemGroup>
    <Filter Include="OpenGL">
      <UniqueIdentifier>{b86c5cc1-6f0d-4c0f-9224-e08eb070ac5e}</UniqueIdentifier>
    </Filter>
    <Filter Include="Common">
      <UniqueIdentifier>{93995380-89BD-4b04-88EB-625FBE52EBFB}</UniqueIdentifier>
      <Extensions>h;hh;hpp;hxx;hm;inl;inc;ipp;xsd</Extensions>
    </Filter>
    <Filter Include="Precompiled Header">
      <UniqueIdentifier>{92ee4bca-e5b6-4a02-914e-7d33812fa6b3}</UniqueIdentifier>
    </Filter>
  </ItemGroup>
  <ItemGroup>
    <ClInclude Include="Graphic.h">
      <Filter>Common</Filter>
    </ClInclude>
    <ClInclude Include="ConstantBuffer.h">
      <Filter>Common</Filter>
    </ClInclude>
    <ClInclude Include="Shader.h">
      <Filter>Common</Filter>
    </ClInclude>
    <ClInclude Include="SceneProxy.h">
      <Filter>Common</Filter>
    </ClInclude>
    <ClInclude Include="SceneEntity.h">
      <Filter>Common</Filter>
    </ClInclude>
    <ClInclude Include="FrameBuffer.h">
      <Filter>Common</Filter>
    </ClInclude>
    <ClInclude Include="RenderState.h">
      <Filter>Common</Filter>
    </ClInclude>
    <ClInclude Include="DrawPrimitives.h">
      <Filter>Common</Filter>
    </ClInclude>
    <ClInclude Include="Define.h">
      <Filter>Precompiled Header</Filter>
    </ClInclude>
  </ItemGroup>
  <ItemGroup>
    <ClCompile Include="ConstantBuffer.OpenGL.cpp">
      <Filter>OpenGL</Filter>
    </ClCompile>
    <ClCompile Include="Shader.OpenGL.cpp">
      <Filter>OpenGL</Filter>
    </ClCompile>
    <ClCompile Include="SceneProxy.OpenGL.cpp">
      <Filter>OpenGL</Filter>
    </ClCompile>
    <ClCompile Include="Graphic.OpenGL.cpp">
      <Filter>OpenGL</Filter>
    </ClCompile>
    <ClCompile Include="SceneProxy.cpp">
      <Filter>Common</Filter>
    </ClCompile>
    <ClCompile Include="Graphic.cpp">
      <Filter>Common</Filter>
    </ClCompile>
    <ClCompile Include="SceneEntity.cpp">
      <Filter>Common</Filter>
    </ClCompile>
    <ClCompile Include="FrameBuffer.OpenGL.cpp">
      <Filter>OpenGL</Filter>
    </ClCompile>
    <ClCompile Include="RenderState.OpenGL.cpp">
      <Filter>OpenGL</Filter>
    </ClCompile>
    <ClCompile Include="FrameBuffer.cpp">
      <Filter>Common</Filter>
    </ClCompile>
    <ClCompile Include="DrawPrimitives.OpenGL.cpp">
      <Filter>OpenGL</Filter>
    </ClCompile>
    <ClCompile Include="Define.cpp">
      <Filter>Precompiled Header</Filter>
    </ClCompile>
  </ItemGroup>
</Project>