<?xml version="1.0" encoding="utf-8"?>
<Project ToolsVersion="4.0" xmlns="http://schemas.microsoft.com/developer/msbuild/2003">
  <ItemGroup>
    <ClInclude Include="Define.h">
      <Filter>Precompiled Header</Filter>
    </ClInclude>
    <ClInclude Include="SmartPointer.h">
      <Filter>SmartPointer</Filter>
    </ClInclude>
    <ClInclude Include="FixedSizeAllocator.h">
      <Filter>MemoryManager</Filter>
    </ClInclude>
    <ClInclude Include="HeapManager.h">
      <Filter>MemoryManager</Filter>
    </ClInclude>
    <ClInclude Include="MemorySystem.h">
      <Filter>MemoryManager</Filter>
    </ClInclude>
  </ItemGroup>
  <ItemGroup>
    <Filter Include="Precompiled Header">
      <UniqueIdentifier>{c288701d-ee47-4e80-ab56-5141ab4fd89d}</UniqueIdentifier>
    </Filter>
    <Filter Include="MemoryManager">
      <UniqueIdentifier>{d3b97d10-c5b2-4b92-a31b-4972afbad522}</UniqueIdentifier>
    </Filter>
    <Filter Include="SmartPointer">
      <UniqueIdentifier>{7b1f726b-48d8-47bc-b377-0039b09cece3}</UniqueIdentifier>
    </Filter>
  </ItemGroup>
  <ItemGroup>
    <ClCompile Include="Define.cpp">
      <Filter>Precompiled Header</Filter>
    </ClCompile>
    <ClCompile Include="Allocator.cpp">
      <Filter>MemoryManager</Filter>
    </ClCompile>
    <ClCompile Include="BitArray.cpp">
      <Filter>MemoryManager</Filter>
    </ClCompile>
    <ClCompile Include="HeapManager.cpp">
      <Filter>MemoryManager</Filter>
    </ClCompile>
    <ClCompile Include="MemorySystem.cpp">
      <Filter>MemoryManager</Filter>
    </ClCompile>
  </ItemGroup>
</Project>