<?xml version="1.0" encoding="utf-8"?>
<Project ToolsVersion="4.0" xmlns="http://schemas.microsoft.com/developer/msbuild/2003">
  <ItemGroup>
    <Filter Include="OpenGL">
      <UniqueIdentifier>{b86c5cc1-6f0d-4c0f-9224-e08eb070ac5e}</UniqueIdentifier>
    </Filter>
    <Filter Include="Vulkan">
      <UniqueIdentifier>{1ed2ca26-dfae-4433-b6bf-1a7229feb742}</UniqueIdentifier>
    </Filter>
    <Filter Include="Common">
      <UniqueIdentifier>{93995380-89BD-4b04-88EB-625FBE52EBFB}</UniqueIdentifier>
      <Extensions>h;hh;hpp;hxx;hm;inl;inc;ipp;xsd</Extensions>
    </Filter>
  </ItemGroup>
  <ItemGroup>
    <ClInclude Include="Graphic.h">
      <Filter>Common</Filter>
    </ClInclude>
    <ClInclude Include="Define.h">
      <Filter>Common</Filter>
    </ClInclude>
    <ClInclude Include="ConstantBuffer.h">
      <Filter>Common</Filter>
    </ClInclude>
    <ClInclude Include="Shader.h">
      <Filter>Common</Filter>
    </ClInclude>
    <ClInclude Include="ValidationLayer.h">
      <Filter>Vulkan</Filter>
    </ClInclude>
    <ClInclude Include="Utilities.h">
      <Filter>Vulkan</Filter>
    </ClInclude>
    <ClInclude Include="Graphic_Vulkan.h">
      <Filter>Vulkan</Filter>
    </ClInclude>
    <ClInclude Include="SceneProxy.h">
      <Filter>Common</Filter>
    </ClInclude>
  </ItemGroup>
  <ItemGroup>
    <ClCompile Include="ConstantBuffer.OpenGL.cpp">
      <Filter>OpenGL</Filter>
    </ClCompile>
    <ClCompile Include="Shader.OpenGL.cpp">
      <Filter>OpenGL</Filter>
    </ClCompile>
    <ClCompile Include="Graphic_Vulkan.cpp">
      <Filter>Vulkan</Filter>
    </ClCompile>
    <ClCompile Include="Graphic.cpp">
      <Filter>Vulkan</Filter>
    </ClCompile>
    <ClCompile Include="SceneProxy.OpenGL.cpp">
      <Filter>OpenGL</Filter>
    </ClCompile>
    <ClCompile Include="Graphic.OpenGL.cpp">
      <Filter>OpenGL</Filter>
    </ClCompile>
  </ItemGroup>
</Project>