<?xml version="1.0" encoding="utf-8"?>
<Project ToolsVersion="4.0" xmlns="http://schemas.microsoft.com/developer/msbuild/2003">
  <ItemGroup>
    <Filter Include="Objects">
      <UniqueIdentifier>{93995380-89BD-4b04-88EB-625FBE52EBFB}</UniqueIdentifier>
      <Extensions>h;hh;hpp;hxx;hm;inl;inc;ipp;xsd</Extensions>
    </Filter>
    <Filter Include="Compontnes">
      <UniqueIdentifier>{4FC737F1-C7A5-4376-A066-2A32D752A2FF}</UniqueIdentifier>
      <Extensions>cpp;c;cc;cxx;def;odl;idl;hpj;bat;asm;asmx</Extensions>
    </Filter>
    <Filter Include="Attributes">
      <UniqueIdentifier>{ea11198e-808d-4348-94f6-d628d891ef86}</UniqueIdentifier>
    </Filter>
    <Filter Include="API">
      <UniqueIdentifier>{8a86fe9e-a587-421f-8fbd-145137128a18}</UniqueIdentifier>
    </Filter>
  </ItemGroup>
  <ItemGroup>
    <ClInclude Include="Object.h">
      <Filter>Objects</Filter>
    </ClInclude>
    <ClInclude Include="Camera.h">
      <Filter>Objects</Filter>
    </ClInclude>
    <ClInclude Include="Light.h">
      <Filter>Objects</Filter>
    </ClInclude>
    <ClInclude Include="Define.h" />
    <ClInclude Include="MeshComponent.h">
      <Filter>Compontnes</Filter>
    </ClInclude>
    <ClInclude Include="Component.h">
      <Filter>Compontnes</Filter>
    </ClInclude>
    <ClInclude Include="Attribute.h">
      <Filter>Attributes</Filter>
    </ClInclude>
    <ClInclude Include="MaterialAttribute.h">
      <Filter>Attributes</Filter>
    </ClInclude>
    <ClInclude Include="TextureAttribute.h">
      <Filter>Attributes</Filter>
    </ClInclude>
    <ClInclude Include="..\..\APIs\GraphicAPI\loadpng\lodepng.h">
      <Filter>API</Filter>
    </ClInclude>
    <ClInclude Include="CubeMapMeshComponent.h">
      <Filter>Compontnes</Filter>
    </ClInclude>
  </ItemGroup>
  <ItemGroup>
    <ClCompile Include="MeshComponent.cpp">
      <Filter>Compontnes</Filter>
    </ClCompile>
    <ClCompile Include="..\..\APIs\GraphicAPI\loadpng\lodepng.cpp">
      <Filter>API</Filter>
    </ClCompile>
  </ItemGroup>
</Project>